<?xml version="1.0" encoding="utf-8"?>
<Project ToolsVersion="4.0" xmlns="http://schemas.microsoft.com/developer/msbuild/2003">
  <ItemGroup>
    <ClInclude Include="Sound.h" />
    <ClInclude Include="smart_ptr.h" />
    <ClInclude Include="Server.h" />
    <ClInclude Include="Mouse.h" />
    <ClInclude Include="Model.h" />
    <ClInclude Include="MersenneTwister.h" />
    <ClInclude Include="Manager.h" />
    <ClInclude Include="Keyboard.h" />
    <ClInclude Include="Image.h" />
    <ClInclude Include="Drawer.h" />
    <ClInclude Include="Data.h" />
    <ClInclude Include="Client.h" />
    <ClInclude Include="Camera.h" />
    <ClInclude Include="Button.h" />
    <ClInclude Include="Base.h" />
    <ClInclude Include="Mathematics.h" />
    <ClInclude Include="Random.h" />
    <ClInclude Include="Speaker.h" />
    <ClInclude Include="Speaker2D.h" />
    <ClInclude Include="Speaker3D.h" />
    <ClInclude Include="Light.h" />
    <ClInclude Include="DirectionalLight.h" />
    <ClInclude Include="SpotLight.h" />
    <ClInclude Include="PointLight.h" />
    <ClInclude Include="CSV.h" />
    <ClInclude Include="InputString.h" />
  </ItemGroup>
  <ItemGroup>
    <ClCompile Include="WinMain.cpp" />
    <ClCompile Include="Sound.cpp" />
    <ClCompile Include="Server.cpp" />
    <ClCompile Include="Mouse.cpp" />
    <ClCompile Include="Model.cpp" />
    <ClCompile Include="Manager.cpp" />
    <ClCompile Include="Keyboard.cpp" />
    <ClCompile Include="Image.cpp" />
    <ClCompile Include="Drawer.cpp" />
    <ClCompile Include="Client.cpp" />
    <ClCompile Include="Camera.cpp" />
    <ClCompile Include="Button.cpp" />
    <ClCompile Include="Random.cpp" />
    <ClCompile Include="Speaker.cpp" />
    <ClCompile Include="Speaker2D.cpp" />
    <ClCompile Include="Speaker3D.cpp" />
    <ClCompile Include="Light.cpp" />
    <ClCompile Include="DirectionalLight.cpp" />
    <ClCompile Include="SpotLight.cpp" />
    <ClCompile Include="PointLight.cpp" />
    <ClCompile Include="InputString.cpp" />
  </ItemGroup>
</Project>